// !$*UTF8*$!
{
	archiveVersion = 1;
	classes = {
	};
	objectVersion = 56;
	objects = {

/* Begin PBXBuildFile section */
		806315782C0A538700114B19 /* makefile in Sources */ = {isa = PBXBuildFile; fileRef = 8063156C2C0A538700114B19 /* makefile */; };
		806315792C0A538700114B19 /* builtin_commands.c in Sources */ = {isa = PBXBuildFile; fileRef = 806315732C0A538700114B19 /* builtin_commands.c */; };
		8063157A2C0A538700114B19 /* line.c in Sources */ = {isa = PBXBuildFile; fileRef = 806315742C0A538700114B19 /* line.c */; };
		8063157B2C0A538700114B19 /* main.c in Sources */ = {isa = PBXBuildFile; fileRef = 806315752C0A538700114B19 /* main.c */; };
		80B6AAA82C0A8415001AE0DF /* args.c in Sources */ = {isa = PBXBuildFile; fileRef = 80B6AAA72C0A8415001AE0DF /* args.c */; };
/* End PBXBuildFile section */

/* Begin PBXCopyFilesBuildPhase section */
		806315602C0A531700114B19 /* CopyFiles */ = {
			isa = PBXCopyFilesBuildPhase;
			buildActionMask = 2147483647;
			dstPath = /usr/share/man/man1/;
			dstSubfolderSpec = 0;
			files = (
			);
			runOnlyForDeploymentPostprocessing = 1;
		};
/* End PBXCopyFilesBuildPhase section */

/* Begin PBXFileReference section */
		806315622C0A531700114B19 /* werewolfsh */ = {isa = PBXFileReference; explicitFileType = "compiled.mach-o.executable"; includeInIndex = 0; path = werewolfsh; sourceTree = BUILT_PRODUCTS_DIR; };
		8063156C2C0A538700114B19 /* makefile */ = {isa = PBXFileReference; fileEncoding = 4; lastKnownFileType = sourcecode.make; path = makefile; sourceTree = "<group>"; };
		8063156D2C0A538700114B19 /* gitignore */ = {isa = PBXFileReference; fileEncoding = 4; lastKnownFileType = text; path = gitignore; sourceTree = "<group>"; };
		8063156E2C0A538700114B19 /* README.md */ = {isa = PBXFileReference; fileEncoding = 4; lastKnownFileType = net.daringfireball.markdown; path = README.md; sourceTree = "<group>"; };
		8063156F2C0A538700114B19 /* builtin_commands.h */ = {isa = PBXFileReference; fileEncoding = 4; lastKnownFileType = sourcecode.c.h; path = builtin_commands.h; sourceTree = "<group>"; };
		806315702C0A538700114B19 /* line.h */ = {isa = PBXFileReference; fileEncoding = 4; lastKnownFileType = sourcecode.c.h; path = line.h; sourceTree = "<group>"; };
		806315732C0A538700114B19 /* builtin_commands.c */ = {isa = PBXFileReference; fileEncoding = 4; lastKnownFileType = sourcecode.c.c; path = builtin_commands.c; sourceTree = "<group>"; };
		806315742C0A538700114B19 /* line.c */ = {isa = PBXFileReference; fileEncoding = 4; lastKnownFileType = sourcecode.c.c; path = line.c; sourceTree = "<group>"; };
		806315752C0A538700114B19 /* main.c */ = {isa = PBXFileReference; fileEncoding = 4; lastKnownFileType = sourcecode.c.c; path = main.c; sourceTree = "<group>"; };
		80B6AAA62C0A829D001AE0DF /* args.h */ = {isa = PBXFileReference; lastKnownFileType = sourcecode.c.h; path = args.h; sourceTree = "<group>"; };
		80B6AAA72C0A8415001AE0DF /* args.c */ = {isa = PBXFileReference; lastKnownFileType = sourcecode.c.c; path = args.c; sourceTree = "<group>"; };
/* End PBXFileReference section */

/* Begin PBXFrameworksBuildPhase section */
		8063155F2C0A531700114B19 /* Frameworks */ = {
			isa = PBXFrameworksBuildPhase;
			buildActionMask = 2147483647;
			files = (
			);
			runOnlyForDeploymentPostprocessing = 0;
		};
/* End PBXFrameworksBuildPhase section */

/* Begin PBXGroup section */
		806315592C0A531700114B19 = {
			isa = PBXGroup;
			children = (
				8063156D2C0A538700114B19 /* gitignore */,
				806315722C0A538700114B19 /* include */,
				8063156C2C0A538700114B19 /* makefile */,
				8063156E2C0A538700114B19 /* README.md */,
				806315772C0A538700114B19 /* src */,
				806315632C0A531700114B19 /* Products */,
			);
			sourceTree = "<group>";
		};
		806315632C0A531700114B19 /* Products */ = {
			isa = PBXGroup;
			children = (
				806315622C0A531700114B19 /* werewolfsh */,
			);
			name = Products;
			sourceTree = "<group>";
		};
		806315722C0A538700114B19 /* include */ = {
			isa = PBXGroup;
			children = (
				8063156F2C0A538700114B19 /* builtin_commands.h */,
				806315702C0A538700114B19 /* line.h */,
				80B6AAA62C0A829D001AE0DF /* args.h */,
			);
			path = include;
			sourceTree = "<group>";
		};
		806315772C0A538700114B19 /* src */ = {
			isa = PBXGroup;
			children = (
				806315732C0A538700114B19 /* builtin_commands.c */,
				806315742C0A538700114B19 /* line.c */,
				806315752C0A538700114B19 /* main.c */,
				80B6AAA72C0A8415001AE0DF /* args.c */,
			);
			path = src;
			sourceTree = "<group>";
		};
/* End PBXGroup section */

/* Begin PBXNativeTarget section */
		806315612C0A531700114B19 /* werewolfsh */ = {
			isa = PBXNativeTarget;
			buildConfigurationList = 806315692C0A531700114B19 /* Build configuration list for PBXNativeTarget "werewolfsh" */;
			buildPhases = (
				8063155E2C0A531700114B19 /* Sources */,
				8063155F2C0A531700114B19 /* Frameworks */,
				806315602C0A531700114B19 /* CopyFiles */,
			);
			buildRules = (
			);
			dependencies = (
			);
			name = werewolfsh;
			productName = werewolfsh;
			productReference = 806315622C0A531700114B19 /* werewolfsh */;
			productType = "com.apple.product-type.tool";
		};
/* End PBXNativeTarget section */

/* Begin PBXProject section */
		8063155A2C0A531700114B19 /* Project object */ = {
			isa = PBXProject;
			attributes = {
				BuildIndependentTargetsInParallel = 1;
				LastUpgradeCheck = 1540;
				TargetAttributes = {
					806315612C0A531700114B19 = {
						CreatedOnToolsVersion = 15.4;
					};
				};
			};
			buildConfigurationList = 8063155D2C0A531700114B19 /* Build configuration list for PBXProject "werewolfsh" */;
			compatibilityVersion = "Xcode 14.0";
			developmentRegion = en;
			hasScannedForEncodings = 0;
			knownRegions = (
				en,
				Base,
			);
			mainGroup = 806315592C0A531700114B19;
			productRefGroup = 806315632C0A531700114B19 /* Products */;
			projectDirPath = "";
			projectRoot = "";
			targets = (
				806315612C0A531700114B19 /* werewolfsh */,
			);
		};
/* End PBXProject section */

/* Begin PBXSourcesBuildPhase section */
		8063155E2C0A531700114B19 /* Sources */ = {
			isa = PBXSourcesBuildPhase;
			buildActionMask = 2147483647;
			files = (
				80B6AAA82C0A8415001AE0DF /* args.c in Sources */,
				8063157B2C0A538700114B19 /* main.c in Sources */,
				806315782C0A538700114B19 /* makefile in Sources */,
				806315792C0A538700114B19 /* builtin_commands.c in Sources */,
				8063157A2C0A538700114B19 /* line.c in Sources */,
			);
			runOnlyForDeploymentPostprocessing = 0;
		};
/* End PBXSourcesBuildPhase section */

/* Begin XCBuildConfiguration section */
		806315672C0A531700114B19 /* Debug */ = {
			isa = XCBuildConfiguration;
			buildSettings = {
				ALWAYS_SEARCH_USER_PATHS = NO;
				ASSETCATALOG_COMPILER_GENERATE_SWIFT_ASSET_SYMBOL_EXTENSIONS = YES;
				CLANG_ANALYZER_NONNULL = YES;
				CLANG_ANALYZER_NUMBER_OBJECT_CONVERSION = YES_AGGRESSIVE;
				CLANG_CXX_LANGUAGE_STANDARD = "gnu++20";
				CLANG_ENABLE_MODULES = YES;
				CLANG_ENABLE_OBJC_ARC = YES;
				CLANG_ENABLE_OBJC_WEAK = YES;
				CLANG_WARN_BLOCK_CAPTURE_AUTORELEASING = YES;
				CLANG_WARN_BOOL_CONVERSION = YES;
				CLANG_WARN_COMMA = YES;
				CLANG_WARN_CONSTANT_CONVERSION = YES;
				CLANG_WARN_DEPRECATED_OBJC_IMPLEMENTATIONS = YES;
				CLANG_WARN_DIRECT_OBJC_ISA_USAGE = YES_ERROR;
				CLANG_WARN_DOCUMENTATION_COMMENTS = YES;
				CLANG_WARN_EMPTY_BODY = YES;
				CLANG_WARN_ENUM_CONVERSION = YES;
				CLANG_WARN_INFINITE_RECURSION = YES;
				CLANG_WARN_INT_CONVERSION = YES;
				CLANG_WARN_NON_LITERAL_NULL_CONVERSION = YES;
				CLANG_WARN_OBJC_IMPLICIT_RETAIN_SELF = YES;
				CLANG_WARN_OBJC_LITERAL_CONVERSION = YES;
				CLANG_WARN_OBJC_ROOT_CLASS = YES_ERROR;
				CLANG_WARN_QUOTED_INCLUDE_IN_FRAMEWORK_HEADER = YES;
				CLANG_WARN_RANGE_LOOP_ANALYSIS = YES;
				CLANG_WARN_STRICT_PROTOTYPES = YES;
				CLANG_WARN_SUSPICIOUS_MOVE = YES;
				CLANG_WARN_UNGUARDED_AVAILABILITY = YES_AGGRESSIVE;
				CLANG_WARN_UNREACHABLE_CODE = YES;
				CLANG_WARN__DUPLICATE_METHOD_MATCH = YES;
				COPY_PHASE_STRIP = NO;
				DEBUG_INFORMATION_FORMAT = dwarf;
				ENABLE_STRICT_OBJC_MSGSEND = YES;
				ENABLE_TESTABILITY = YES;
				ENABLE_USER_SCRIPT_SANDBOXING = YES;
				GCC_C_LANGUAGE_STANDARD = gnu17;
				GCC_DYNAMIC_NO_PIC = NO;
				GCC_NO_COMMON_BLOCKS = YES;
				GCC_OPTIMIZATION_LEVEL = 0;
				GCC_PREPROCESSOR_DEFINITIONS = (
					"DEBUG=1",
					"$(inherited)",
				);
				GCC_WARN_64_TO_32_BIT_CONVERSION = YES;
				GCC_WARN_ABOUT_RETURN_TYPE = YES_ERROR;
				GCC_WARN_UNDECLARED_SELECTOR = YES;
				GCC_WARN_UNINITIALIZED_AUTOS = YES_AGGRESSIVE;
				GCC_WARN_UNUSED_FUNCTION = YES;
				GCC_WARN_UNUSED_VARIABLE = YES;
				LOCALIZATION_PREFERS_STRING_CATALOGS = YES;
				MACOSX_DEPLOYMENT_TARGET = 14.5;
				MTL_ENABLE_DEBUG_INFO = INCLUDE_SOURCE;
				MTL_FAST_MATH = YES;
				ONLY_ACTIVE_ARCH = YES;
				SDKROOT = macosx;
			};
			name = Debug;
		};
		806315682C0A531700114B19 /* Release */ = {
			isa = XCBuildConfiguration;
			buildSettings = {
				ALWAYS_SEARCH_USER_PATHS = NO;
				ASSETCATALOG_COMPILER_GENERATE_SWIFT_ASSET_SYMBOL_EXTENSIONS = YES;
				CLANG_ANALYZER_NONNULL = YES;
				CLANG_ANALYZER_NUMBER_OBJECT_CONVERSION = YES_AGGRESSIVE;
				CLANG_CXX_LANGUAGE_STANDARD = "gnu++20";
				CLANG_ENABLE_MODULES = YES;
				CLANG_ENABLE_OBJC_ARC = YES;
				CLANG_ENABLE_OBJC_WEAK = YES;
				CLANG_WARN_BLOCK_CAPTURE_AUTORELEASING = YES;
				CLANG_WARN_BOOL_CONVERSION = YES;
				CLANG_WARN_COMMA = YES;
				CLANG_WARN_CONSTANT_CONVERSION = YES;
				CLANG_WARN_DEPRECATED_OBJC_IMPLEMENTATIONS = YES;
				CLANG_WARN_DIRECT_OBJC_ISA_USAGE = YES_ERROR;
				CLANG_WARN_DOCUMENTATION_COMMENTS = YES;
				CLANG_WARN_EMPTY_BODY = YES;
				CLANG_WARN_ENUM_CONVERSION = YES;
				CLANG_WARN_INFINITE_RECURSION = YES;
				CLANG_WARN_INT_CONVERSION = YES;
				CLANG_WARN_NON_LITERAL_NULL_CONVERSION = YES;
				CLANG_WARN_OBJC_IMPLICIT_RETAIN_SELF = YES;
				CLANG_WARN_OBJC_LITERAL_CONVERSION = YES;
				CLANG_WARN_OBJC_ROOT_CLASS = YES_ERROR;
				CLANG_WARN_QUOTED_INCLUDE_IN_FRAMEWORK_HEADER = YES;
				CLANG_WARN_RANGE_LOOP_ANALYSIS = YES;
				CLANG_WARN_STRICT_PROTOTYPES = YES;
				CLANG_WARN_SUSPICIOUS_MOVE = YES;
				CLANG_WARN_UNGUARDED_AVAILABILITY = YES_AGGRESSIVE;
				CLANG_WARN_UNREACHABLE_CODE = YES;
				CLANG_WARN__DUPLICATE_METHOD_MATCH = YES;
				COPY_PHASE_STRIP = NO;
				DEBUG_INFORMATION_FORMAT = "dwarf-with-dsym";
				ENABLE_NS_ASSERTIONS = NO;
				ENABLE_STRICT_OBJC_MSGSEND = YES;
				ENABLE_USER_SCRIPT_SANDBOXING = YES;
				GCC_C_LANGUAGE_STANDARD = gnu17;
				GCC_NO_COMMON_BLOCKS = YES;
				GCC_WARN_64_TO_32_BIT_CONVERSION = YES;
				GCC_WARN_ABOUT_RETURN_TYPE = YES_ERROR;
				GCC_WARN_UNDECLARED_SELECTOR = YES;
				GCC_WARN_UNINITIALIZED_AUTOS = YES_AGGRESSIVE;
				GCC_WARN_UNUSED_FUNCTION = YES;
				GCC_WARN_UNUSED_VARIABLE = YES;
				LOCALIZATION_PREFERS_STRING_CATALOGS = YES;
				MACOSX_DEPLOYMENT_TARGET = 14.5;
				MTL_ENABLE_DEBUG_INFO = NO;
				MTL_FAST_MATH = YES;
				SDKROOT = macosx;
			};
			name = Release;
		};
		8063156A2C0A531700114B19 /* Debug */ = {
			isa = XCBuildConfiguration;
			buildSettings = {
				CODE_SIGN_STYLE = Automatic;
				PRODUCT_NAME = "$(TARGET_NAME)";
			};
			name = Debug;
		};
		8063156B2C0A531700114B19 /* Release */ = {
			isa = XCBuildConfiguration;
			buildSettings = {
				CODE_SIGN_STYLE = Automatic;
				PRODUCT_NAME = "$(TARGET_NAME)";
			};
			name = Release;
		};
/* End XCBuildConfiguration section */

/* Begin XCConfigurationList section */
		8063155D2C0A531700114B19 /* Build configuration list for PBXProject "werewolfsh" */ = {
			isa = XCConfigurationList;
			buildConfigurations = (
				806315672C0A531700114B19 /* Debug */,
				806315682C0A531700114B19 /* Release */,
			);
			defaultConfigurationIsVisible = 0;
			defaultConfigurationName = Release;
		};
		806315692C0A531700114B19 /* Build configuration list for PBXNativeTarget "werewolfsh" */ = {
			isa = XCConfigurationList;
			buildConfigurations = (
				8063156A2C0A531700114B19 /* Debug */,
				8063156B2C0A531700114B19 /* Release */,
			);
			defaultConfigurationIsVisible = 0;
			defaultConfigurationName = Release;
		};
/* End XCConfigurationList section */
	};
	rootObject = 8063155A2C0A531700114B19 /* Project object */;
}
